
Microsoft Visual Studio Solution File, Format Version 12.00
# Visual Studio Version 16
VisualStudioVersion = 16.0.33328.57
MinimumVisualStudioVersion = 10.0.40219.1
Project("{FAE04EC0-301F-11D3-BF4B-00C04F79EFBC}") = "test_1", "test_1\test_1.csproj", "{96317E22-C534-41E7-848D-519373A32C6C}"
EndProject
Global
	GlobalSection(SolutionConfigurationPlatforms) = preSolution
		Debug|Any CPU = Debug|Any CPU
		Release|Any CPU = Release|Any CPU
	EndGlobalSection
	GlobalSection(ProjectConfigurationPlatforms) = postSolution
		{96317E22-C534-41E7-848D-519373A32C6C}.Debug|Any CPU.ActiveCfg = Debug|Any CPU
		{96317E22-C534-41E7-848D-519373A32C6C}.Debug|Any CPU.Build.0 = Debug|Any CPU
		{96317E22-C534-41E7-848D-519373A32C6C}.Release|Any CPU.ActiveCfg = Release|Any CPU
		{96317E22-C534-41E7-848D-519373A32C6C}.Release|Any CPU.Build.0 = Release|Any CPU
	EndGlobalSection
	GlobalSection(SolutionProperties) = preSolution
		HideSolutionNode = FALSE
	EndGlobalSection
	GlobalSection(ExtensibilityGlobals) = postSolution
		SolutionGuid = {589AEC63-A21C-4655-B13F-D66CF32CCE4F}
	EndGlobalSection
EndGlobal
